// !$*UTF8*$!
{
	archiveVersion = 1;
	classes = {
	};
	objectVersion = 51;
	objects = {

/* Begin PBXBuildFile section */
		9535F1682682BA4700D02C5E /* TabBarViewController.swift in Sources */ = {isa = PBXBuildFile; fileRef = 9535F1672682BA4700D02C5E /* TabBarViewController.swift */; };
		9535F16A2682BD8400D02C5E /* MatchListViewController.swift in Sources */ = {isa = PBXBuildFile; fileRef = 9535F1692682BD8400D02C5E /* MatchListViewController.swift */; };
		9545D2FF267DCFED00AAF516 /* GoogleService-Info.plist in Resources */ = {isa = PBXBuildFile; fileRef = 9545D2FE267DCFED00AAF516 /* GoogleService-Info.plist */; };
		9545D301267DD04B00AAF516 /* LoginViewController.swift in Sources */ = {isa = PBXBuildFile; fileRef = 9545D300267DD04B00AAF516 /* LoginViewController.swift */; };
		9545D303267DD05500AAF516 /* RegisterViewController.swift in Sources */ = {isa = PBXBuildFile; fileRef = 9545D302267DD05500AAF516 /* RegisterViewController.swift */; };
		9545D305267DD06F00AAF516 /* HomeViewController.swift in Sources */ = {isa = PBXBuildFile; fileRef = 9545D304267DD06F00AAF516 /* HomeViewController.swift */; };
		9545D309267DD0E200AAF516 /* ProfileViewController.swift in Sources */ = {isa = PBXBuildFile; fileRef = 9545D308267DD0E200AAF516 /* ProfileViewController.swift */; };
		9545D30B267DD0F700AAF516 /* UserViewController.swift in Sources */ = {isa = PBXBuildFile; fileRef = 9545D30A267DD0F700AAF516 /* UserViewController.swift */; };
		9545D310267DD33C00AAF516 /* ChatViewController.swift in Sources */ = {isa = PBXBuildFile; fileRef = 9545D30F267DD33C00AAF516 /* ChatViewController.swift */; };
		95887471267DE19100BDAA50 /* DatabaseManager.swift in Sources */ = {isa = PBXBuildFile; fileRef = 95887470267DE19100BDAA50 /* DatabaseManager.swift */; };
		95887473267DE4C400BDAA50 /* User.swift in Sources */ = {isa = PBXBuildFile; fileRef = 95887472267DE4C400BDAA50 /* User.swift */; };
		959D6BD5267F22E1001427A3 /* StorageManager.swift in Sources */ = {isa = PBXBuildFile; fileRef = 959D6BD4267F22E1001427A3 /* StorageManager.swift */; };
		95B924D4267CDA4D00D8F44C /* AppDelegate.swift in Sources */ = {isa = PBXBuildFile; fileRef = 95B924D3267CDA4D00D8F44C /* AppDelegate.swift */; };
		95B924D6267CDA4D00D8F44C /* SceneDelegate.swift in Sources */ = {isa = PBXBuildFile; fileRef = 95B924D5267CDA4D00D8F44C /* SceneDelegate.swift */; };
		95B924DB267CDA4D00D8F44C /* Main.storyboard in Resources */ = {isa = PBXBuildFile; fileRef = 95B924D9267CDA4D00D8F44C /* Main.storyboard */; };
		95B924DD267CDA4F00D8F44C /* Assets.xcassets in Resources */ = {isa = PBXBuildFile; fileRef = 95B924DC267CDA4F00D8F44C /* Assets.xcassets */; };
		95B924E0267CDA4F00D8F44C /* LaunchScreen.storyboard in Resources */ = {isa = PBXBuildFile; fileRef = 95B924DE267CDA4F00D8F44C /* LaunchScreen.storyboard */; };
		9D70718722D95EE9B083D832 /* Pods_GsSwiftSample.framework in Frameworks */ = {isa = PBXBuildFile; fileRef = 0CFDA8B6825950EB02FD8A77 /* Pods_GsSwiftSample.framework */; };
/* End PBXBuildFile section */

/* Begin PBXFileReference section */
		0CFDA8B6825950EB02FD8A77 /* Pods_GsSwiftSample.framework */ = {isa = PBXFileReference; explicitFileType = wrapper.framework; includeInIndex = 0; path = Pods_GsSwiftSample.framework; sourceTree = BUILT_PRODUCTS_DIR; };
		9535F1672682BA4700D02C5E /* TabBarViewController.swift */ = {isa = PBXFileReference; lastKnownFileType = sourcecode.swift; path = TabBarViewController.swift; sourceTree = "<group>"; };
		9535F1692682BD8400D02C5E /* MatchListViewController.swift */ = {isa = PBXFileReference; lastKnownFileType = sourcecode.swift; path = MatchListViewController.swift; sourceTree = "<group>"; };
		9545D2FE267DCFED00AAF516 /* GoogleService-Info.plist */ = {isa = PBXFileReference; fileEncoding = 4; lastKnownFileType = text.plist.xml; path = "GoogleService-Info.plist"; sourceTree = "<group>"; };
		9545D300267DD04B00AAF516 /* LoginViewController.swift */ = {isa = PBXFileReference; lastKnownFileType = sourcecode.swift; path = LoginViewController.swift; sourceTree = "<group>"; };
		9545D302267DD05500AAF516 /* RegisterViewController.swift */ = {isa = PBXFileReference; lastKnownFileType = sourcecode.swift; path = RegisterViewController.swift; sourceTree = "<group>"; };
		9545D304267DD06F00AAF516 /* HomeViewController.swift */ = {isa = PBXFileReference; lastKnownFileType = sourcecode.swift; path = HomeViewController.swift; sourceTree = "<group>"; };
		9545D308267DD0E200AAF516 /* ProfileViewController.swift */ = {isa = PBXFileReference; lastKnownFileType = sourcecode.swift; path = ProfileViewController.swift; sourceTree = "<group>"; };
		9545D30A267DD0F700AAF516 /* UserViewController.swift */ = {isa = PBXFileReference; lastKnownFileType = sourcecode.swift; path = UserViewController.swift; sourceTree = "<group>"; };
		9545D30F267DD33C00AAF516 /* ChatViewController.swift */ = {isa = PBXFileReference; lastKnownFileType = sourcecode.swift; path = ChatViewController.swift; sourceTree = "<group>"; };
		95887470267DE19100BDAA50 /* DatabaseManager.swift */ = {isa = PBXFileReference; lastKnownFileType = sourcecode.swift; path = DatabaseManager.swift; sourceTree = "<group>"; };
		95887472267DE4C400BDAA50 /* User.swift */ = {isa = PBXFileReference; lastKnownFileType = sourcecode.swift; path = User.swift; sourceTree = "<group>"; };
		959D6BD4267F22E1001427A3 /* StorageManager.swift */ = {isa = PBXFileReference; lastKnownFileType = sourcecode.swift; path = StorageManager.swift; sourceTree = "<group>"; };
		95B924D0267CDA4D00D8F44C /* GsSwiftSample.app */ = {isa = PBXFileReference; explicitFileType = wrapper.application; includeInIndex = 0; path = GsSwiftSample.app; sourceTree = BUILT_PRODUCTS_DIR; };
		95B924D3267CDA4D00D8F44C /* AppDelegate.swift */ = {isa = PBXFileReference; lastKnownFileType = sourcecode.swift; path = AppDelegate.swift; sourceTree = "<group>"; };
		95B924D5267CDA4D00D8F44C /* SceneDelegate.swift */ = {isa = PBXFileReference; lastKnownFileType = sourcecode.swift; path = SceneDelegate.swift; sourceTree = "<group>"; };
		95B924DA267CDA4D00D8F44C /* Base */ = {isa = PBXFileReference; lastKnownFileType = file.storyboard; name = Base; path = Base.lproj/Main.storyboard; sourceTree = "<group>"; };
		95B924DC267CDA4F00D8F44C /* Assets.xcassets */ = {isa = PBXFileReference; lastKnownFileType = folder.assetcatalog; path = Assets.xcassets; sourceTree = "<group>"; };
		95B924DF267CDA4F00D8F44C /* Base */ = {isa = PBXFileReference; lastKnownFileType = file.storyboard; name = Base; path = Base.lproj/LaunchScreen.storyboard; sourceTree = "<group>"; };
		95B924E1267CDA4F00D8F44C /* Info.plist */ = {isa = PBXFileReference; lastKnownFileType = text.plist.xml; path = Info.plist; sourceTree = "<group>"; };
		DE2E35D6A86059F22FFDE9B5 /* Pods-GsSwiftSample.release.xcconfig */ = {isa = PBXFileReference; includeInIndex = 1; lastKnownFileType = text.xcconfig; name = "Pods-GsSwiftSample.release.xcconfig"; path = "Target Support Files/Pods-GsSwiftSample/Pods-GsSwiftSample.release.xcconfig"; sourceTree = "<group>"; };
		F630602753B6DB9F15388BD8 /* Pods-GsSwiftSample.debug.xcconfig */ = {isa = PBXFileReference; includeInIndex = 1; lastKnownFileType = text.xcconfig; name = "Pods-GsSwiftSample.debug.xcconfig"; path = "Target Support Files/Pods-GsSwiftSample/Pods-GsSwiftSample.debug.xcconfig"; sourceTree = "<group>"; };
/* End PBXFileReference section */

/* Begin PBXFrameworksBuildPhase section */
		95B924CD267CDA4D00D8F44C /* Frameworks */ = {
			isa = PBXFrameworksBuildPhase;
			buildActionMask = 2147483647;
			files = (
				9D70718722D95EE9B083D832 /* Pods_GsSwiftSample.framework in Frameworks */,
			);
			runOnlyForDeploymentPostprocessing = 0;
		};
/* End PBXFrameworksBuildPhase section */

/* Begin PBXGroup section */
		7E6522111C6483FFF92943F9 /* Frameworks */ = {
			isa = PBXGroup;
			children = (
				0CFDA8B6825950EB02FD8A77 /* Pods_GsSwiftSample.framework */,
			);
			name = Frameworks;
			sourceTree = "<group>";
		};
		959D6BD6267F3216001427A3 /* Firebase */ = {
			isa = PBXGroup;
			children = (
				95887470267DE19100BDAA50 /* DatabaseManager.swift */,
				959D6BD4267F22E1001427A3 /* StorageManager.swift */,
			);
			path = Firebase;
			sourceTree = "<group>";
		};
		959D6BD7267F3223001427A3 /* Model */ = {
			isa = PBXGroup;
			children = (
				95887472267DE4C400BDAA50 /* User.swift */,
			);
			path = Model;
			sourceTree = "<group>";
		};
		959D6BD8267F3236001427A3 /* Login-Register */ = {
			isa = PBXGroup;
			children = (
				9545D300267DD04B00AAF516 /* LoginViewController.swift */,
				9545D302267DD05500AAF516 /* RegisterViewController.swift */,
			);
			path = "Login-Register";
			sourceTree = "<group>";
		};
		959D6BD9267F326F001427A3 /* Storyboards */ = {
			isa = PBXGroup;
			children = (
				95B924D9267CDA4D00D8F44C /* Main.storyboard */,
				95B924DE267CDA4F00D8F44C /* LaunchScreen.storyboard */,
			);
			path = Storyboards;
			sourceTree = "<group>";
		};
		959D6BDA267F3299001427A3 /* ViewControllers */ = {
			isa = PBXGroup;
			children = (
				959D6BD8267F3236001427A3 /* Login-Register */,
				9545D304267DD06F00AAF516 /* HomeViewController.swift */,
				9535F1672682BA4700D02C5E /* TabBarViewController.swift */,
				9535F1692682BD8400D02C5E /* MatchListViewController.swift */,
				9545D30F267DD33C00AAF516 /* ChatViewController.swift */,
				9545D308267DD0E200AAF516 /* ProfileViewController.swift */,
				9545D30A267DD0F700AAF516 /* UserViewController.swift */,
			);
			path = ViewControllers;
			sourceTree = "<group>";
		};
		959D6BDB267F32DA001427A3 /* Resources */ = {
			isa = PBXGroup;
			children = (
				95B924D3267CDA4D00D8F44C /* AppDelegate.swift */,
				95B924D5267CDA4D00D8F44C /* SceneDelegate.swift */,
				95B924DC267CDA4F00D8F44C /* Assets.xcassets */,
			);
			path = Resources;
			sourceTree = "<group>";
		};
		95B924C7267CDA4D00D8F44C = {
			isa = PBXGroup;
			children = (
				95B924D2267CDA4D00D8F44C /* GsSwiftSample */,
				95B924D1267CDA4D00D8F44C /* Products */,
				B5825329C4BC364BD74A072B /* Pods */,
				7E6522111C6483FFF92943F9 /* Frameworks */,
			);
			sourceTree = "<group>";
		};
		95B924D1267CDA4D00D8F44C /* Products */ = {
			isa = PBXGroup;
			children = (
				95B924D0267CDA4D00D8F44C /* GsSwiftSample.app */,
			);
			name = Products;
			sourceTree = "<group>";
		};
		95B924D2267CDA4D00D8F44C /* GsSwiftSample */ = {
			isa = PBXGroup;
			children = (
				959D6BDB267F32DA001427A3 /* Resources */,
				959D6BDA267F3299001427A3 /* ViewControllers */,
				959D6BD9267F326F001427A3 /* Storyboards */,
				959D6BD6267F3216001427A3 /* Firebase */,
				959D6BD7267F3223001427A3 /* Model */,
				95B924E1267CDA4F00D8F44C /* Info.plist */,
				9545D2FE267DCFED00AAF516 /* GoogleService-Info.plist */,
			);
			path = GsSwiftSample;
			sourceTree = "<group>";
		};
		B5825329C4BC364BD74A072B /* Pods */ = {
			isa = PBXGroup;
			children = (
				F630602753B6DB9F15388BD8 /* Pods-GsSwiftSample.debug.xcconfig */,
				DE2E35D6A86059F22FFDE9B5 /* Pods-GsSwiftSample.release.xcconfig */,
			);
			path = Pods;
			sourceTree = "<group>";
		};
/* End PBXGroup section */

/* Begin PBXNativeTarget section */
		95B924CF267CDA4D00D8F44C /* GsSwiftSample */ = {
			isa = PBXNativeTarget;
			buildConfigurationList = 95B924E4267CDA4F00D8F44C /* Build configuration list for PBXNativeTarget "GsSwiftSample" */;
			buildPhases = (
				22B3401EDDD15838627D5F76 /* [CP] Check Pods Manifest.lock */,
				95B924CC267CDA4D00D8F44C /* Sources */,
				95B924CD267CDA4D00D8F44C /* Frameworks */,
				95B924CE267CDA4D00D8F44C /* Resources */,
				6AC6F82EF50A004D07A6A9F7 /* [CP] Embed Pods Frameworks */,
			);
			buildRules = (
			);
			dependencies = (
			);
			name = GsSwiftSample;
			productName = GsSwiftSample;
			productReference = 95B924D0267CDA4D00D8F44C /* GsSwiftSample.app */;
			productType = "com.apple.product-type.application";
		};
/* End PBXNativeTarget section */

/* Begin PBXProject section */
		95B924C8267CDA4D00D8F44C /* Project object */ = {
			isa = PBXProject;
			attributes = {
				LastSwiftUpdateCheck = 1250;
				LastUpgradeCheck = 1250;
				TargetAttributes = {
					95B924CF267CDA4D00D8F44C = {
						CreatedOnToolsVersion = 12.5;
					};
				};
			};
			buildConfigurationList = 95B924CB267CDA4D00D8F44C /* Build configuration list for PBXProject "GsSwiftSample" */;
			compatibilityVersion = "Xcode 9.3";
			developmentRegion = en;
			hasScannedForEncodings = 0;
			knownRegions = (
				en,
				Base,
			);
			mainGroup = 95B924C7267CDA4D00D8F44C;
			productRefGroup = 95B924D1267CDA4D00D8F44C /* Products */;
			projectDirPath = "";
			projectRoot = "";
			targets = (
				95B924CF267CDA4D00D8F44C /* GsSwiftSample */,
			);
		};
/* End PBXProject section */

/* Begin PBXResourcesBuildPhase section */
		95B924CE267CDA4D00D8F44C /* Resources */ = {
			isa = PBXResourcesBuildPhase;
			buildActionMask = 2147483647;
			files = (
				95B924E0267CDA4F00D8F44C /* LaunchScreen.storyboard in Resources */,
				95B924DD267CDA4F00D8F44C /* Assets.xcassets in Resources */,
				95B924DB267CDA4D00D8F44C /* Main.storyboard in Resources */,
				9545D2FF267DCFED00AAF516 /* GoogleService-Info.plist in Resources */,
			);
			runOnlyForDeploymentPostprocessing = 0;
		};
/* End PBXResourcesBuildPhase section */

/* Begin PBXShellScriptBuildPhase section */
		22B3401EDDD15838627D5F76 /* [CP] Check Pods Manifest.lock */ = {
			isa = PBXShellScriptBuildPhase;
			buildActionMask = 2147483647;
			files = (
			);
			inputFileListPaths = (
			);
			inputPaths = (
				"${PODS_PODFILE_DIR_PATH}/Podfile.lock",
				"${PODS_ROOT}/Manifest.lock",
			);
			name = "[CP] Check Pods Manifest.lock";
			outputFileListPaths = (
			);
			outputPaths = (
				"$(DERIVED_FILE_DIR)/Pods-GsSwiftSample-checkManifestLockResult.txt",
			);
			runOnlyForDeploymentPostprocessing = 0;
			shellPath = /bin/sh;
			shellScript = "diff \"${PODS_PODFILE_DIR_PATH}/Podfile.lock\" \"${PODS_ROOT}/Manifest.lock\" > /dev/null\nif [ $? != 0 ] ; then\n    # print error to STDERR\n    echo \"error: The sandbox is not in sync with the Podfile.lock. Run 'pod install' or update your CocoaPods installation.\" >&2\n    exit 1\nfi\n# This output is used by Xcode 'outputs' to avoid re-running this script phase.\necho \"SUCCESS\" > \"${SCRIPT_OUTPUT_FILE_0}\"\n";
			showEnvVarsInLog = 0;
		};
		6AC6F82EF50A004D07A6A9F7 /* [CP] Embed Pods Frameworks */ = {
			isa = PBXShellScriptBuildPhase;
			buildActionMask = 2147483647;
			files = (
			);
			inputFileListPaths = (
				"${PODS_ROOT}/Target Support Files/Pods-GsSwiftSample/Pods-GsSwiftSample-frameworks-${CONFIGURATION}-input-files.xcfilelist",
			);
			name = "[CP] Embed Pods Frameworks";
			outputFileListPaths = (
				"${PODS_ROOT}/Target Support Files/Pods-GsSwiftSample/Pods-GsSwiftSample-frameworks-${CONFIGURATION}-output-files.xcfilelist",
			);
			runOnlyForDeploymentPostprocessing = 0;
			shellPath = /bin/sh;
			shellScript = "\"${PODS_ROOT}/Target Support Files/Pods-GsSwiftSample/Pods-GsSwiftSample-frameworks.sh\"\n";
			showEnvVarsInLog = 0;
		};
/* End PBXShellScriptBuildPhase section */

/* Begin PBXSourcesBuildPhase section */
		95B924CC267CDA4D00D8F44C /* Sources */ = {
			isa = PBXSourcesBuildPhase;
			buildActionMask = 2147483647;
			files = (
				9545D30B267DD0F700AAF516 /* UserViewController.swift in Sources */,
				95887471267DE19100BDAA50 /* DatabaseManager.swift in Sources */,
				959D6BD5267F22E1001427A3 /* StorageManager.swift in Sources */,
				9545D309267DD0E200AAF516 /* ProfileViewController.swift in Sources */,
				9535F1682682BA4700D02C5E /* TabBarViewController.swift in Sources */,
				9545D305267DD06F00AAF516 /* HomeViewController.swift in Sources */,
				9545D301267DD04B00AAF516 /* LoginViewController.swift in Sources */,
				95B924D4267CDA4D00D8F44C /* AppDelegate.swift in Sources */,
				95B924D6267CDA4D00D8F44C /* SceneDelegate.swift in Sources */,
				9545D310267DD33C00AAF516 /* ChatViewController.swift in Sources */,
				9535F16A2682BD8400D02C5E /* MatchListViewController.swift in Sources */,
				95887473267DE4C400BDAA50 /* User.swift in Sources */,
				9545D303267DD05500AAF516 /* RegisterViewController.swift in Sources */,
			);
			runOnlyForDeploymentPostprocessing = 0;
		};
/* End PBXSourcesBuildPhase section */

/* Begin PBXVariantGroup section */
		95B924D9267CDA4D00D8F44C /* Main.storyboard */ = {
			isa = PBXVariantGroup;
			children = (
				95B924DA267CDA4D00D8F44C /* Base */,
			);
			name = Main.storyboard;
			sourceTree = "<group>";
		};
		95B924DE267CDA4F00D8F44C /* LaunchScreen.storyboard */ = {
			isa = PBXVariantGroup;
			children = (
				95B924DF267CDA4F00D8F44C /* Base */,
			);
			name = LaunchScreen.storyboard;
			sourceTree = "<group>";
		};
/* End PBXVariantGroup section */

/* Begin XCBuildConfiguration section */
		95B924E2267CDA4F00D8F44C /* Debug */ = {
			isa = XCBuildConfiguration;
			buildSettings = {
				ALWAYS_SEARCH_USER_PATHS = NO;
				CLANG_ANALYZER_NONNULL = YES;
				CLANG_ANALYZER_NUMBER_OBJECT_CONVERSION = YES_AGGRESSIVE;
				CLANG_CXX_LANGUAGE_STANDARD = "gnu++14";
				CLANG_CXX_LIBRARY = "libc++";
				CLANG_ENABLE_MODULES = YES;
				CLANG_ENABLE_OBJC_ARC = YES;
				CLANG_ENABLE_OBJC_WEAK = YES;
				CLANG_WARN_BLOCK_CAPTURE_AUTORELEASING = YES;
				CLANG_WARN_BOOL_CONVERSION = YES;
				CLANG_WARN_COMMA = YES;
				CLANG_WARN_CONSTANT_CONVERSION = YES;
				CLANG_WARN_DEPRECATED_OBJC_IMPLEMENTATIONS = YES;
				CLANG_WARN_DIRECT_OBJC_ISA_USAGE = YES_ERROR;
				CLANG_WARN_DOCUMENTATION_COMMENTS = YES;
				CLANG_WARN_EMPTY_BODY = YES;
				CLANG_WARN_ENUM_CONVERSION = YES;
				CLANG_WARN_INFINITE_RECURSION = YES;
				CLANG_WARN_INT_CONVERSION = YES;
				CLANG_WARN_NON_LITERAL_NULL_CONVERSION = YES;
				CLANG_WARN_OBJC_IMPLICIT_RETAIN_SELF = YES;
				CLANG_WARN_OBJC_LITERAL_CONVERSION = YES;
				CLANG_WARN_OBJC_ROOT_CLASS = YES_ERROR;
				CLANG_WARN_QUOTED_INCLUDE_IN_FRAMEWORK_HEADER = YES;
				CLANG_WARN_RANGE_LOOP_ANALYSIS = YES;
				CLANG_WARN_STRICT_PROTOTYPES = YES;
				CLANG_WARN_SUSPICIOUS_MOVE = YES;
				CLANG_WARN_UNGUARDED_AVAILABILITY = YES_AGGRESSIVE;
				CLANG_WARN_UNREACHABLE_CODE = YES;
				CLANG_WARN__DUPLICATE_METHOD_MATCH = YES;
				COPY_PHASE_STRIP = NO;
				DEBUG_INFORMATION_FORMAT = dwarf;
				ENABLE_STRICT_OBJC_MSGSEND = YES;
				ENABLE_TESTABILITY = YES;
				GCC_C_LANGUAGE_STANDARD = gnu11;
				GCC_DYNAMIC_NO_PIC = NO;
				GCC_NO_COMMON_BLOCKS = YES;
				GCC_OPTIMIZATION_LEVEL = 0;
				GCC_PREPROCESSOR_DEFINITIONS = (
					"DEBUG=1",
					"$(inherited)",
				);
				GCC_WARN_64_TO_32_BIT_CONVERSION = YES;
				GCC_WARN_ABOUT_RETURN_TYPE = YES_ERROR;
				GCC_WARN_UNDECLARED_SELECTOR = YES;
				GCC_WARN_UNINITIALIZED_AUTOS = YES_AGGRESSIVE;
				GCC_WARN_UNUSED_FUNCTION = YES;
				GCC_WARN_UNUSED_VARIABLE = YES;
				IPHONEOS_DEPLOYMENT_TARGET = 14.5;
				MTL_ENABLE_DEBUG_INFO = INCLUDE_SOURCE;
				MTL_FAST_MATH = YES;
				ONLY_ACTIVE_ARCH = YES;
				SDKROOT = iphoneos;
				SWIFT_ACTIVE_COMPILATION_CONDITIONS = DEBUG;
				SWIFT_OPTIMIZATION_LEVEL = "-Onone";
			};
			name = Debug;
		};
		95B924E3267CDA4F00D8F44C /* Release */ = {
			isa = XCBuildConfiguration;
			buildSettings = {
				ALWAYS_SEARCH_USER_PATHS = NO;
				CLANG_ANALYZER_NONNULL = YES;
				CLANG_ANALYZER_NUMBER_OBJECT_CONVERSION = YES_AGGRESSIVE;
				CLANG_CXX_LANGUAGE_STANDARD = "gnu++14";
				CLANG_CXX_LIBRARY = "libc++";
				CLANG_ENABLE_MODULES = YES;
				CLANG_ENABLE_OBJC_ARC = YES;
				CLANG_ENABLE_OBJC_WEAK = YES;
				CLANG_WARN_BLOCK_CAPTURE_AUTORELEASING = YES;
				CLANG_WARN_BOOL_CONVERSION = YES;
				CLANG_WARN_COMMA = YES;
				CLANG_WARN_CONSTANT_CONVERSION = YES;
				CLANG_WARN_DEPRECATED_OBJC_IMPLEMENTATIONS = YES;
				CLANG_WARN_DIRECT_OBJC_ISA_USAGE = YES_ERROR;
				CLANG_WARN_DOCUMENTATION_COMMENTS = YES;
				CLANG_WARN_EMPTY_BODY = YES;
				CLANG_WARN_ENUM_CONVERSION = YES;
				CLANG_WARN_INFINITE_RECURSION = YES;
				CLANG_WARN_INT_CONVERSION = YES;
				CLANG_WARN_NON_LITERAL_NULL_CONVERSION = YES;
				CLANG_WARN_OBJC_IMPLICIT_RETAIN_SELF = YES;
				CLANG_WARN_OBJC_LITERAL_CONVERSION = YES;
				CLANG_WARN_OBJC_ROOT_CLASS = YES_ERROR;
				CLANG_WARN_QUOTED_INCLUDE_IN_FRAMEWORK_HEADER = YES;
				CLANG_WARN_RANGE_LOOP_ANALYSIS = YES;
				CLANG_WARN_STRICT_PROTOTYPES = YES;
				CLANG_WARN_SUSPICIOUS_MOVE = YES;
				CLANG_WARN_UNGUARDED_AVAILABILITY = YES_AGGRESSIVE;
				CLANG_WARN_UNREACHABLE_CODE = YES;
				CLANG_WARN__DUPLICATE_METHOD_MATCH = YES;
				COPY_PHASE_STRIP = NO;
				DEBUG_INFORMATION_FORMAT = "dwarf-with-dsym";
				ENABLE_NS_ASSERTIONS = NO;
				ENABLE_STRICT_OBJC_MSGSEND = YES;
				GCC_C_LANGUAGE_STANDARD = gnu11;
				GCC_NO_COMMON_BLOCKS = YES;
				GCC_WARN_64_TO_32_BIT_CONVERSION = YES;
				GCC_WARN_ABOUT_RETURN_TYPE = YES_ERROR;
				GCC_WARN_UNDECLARED_SELECTOR = YES;
				GCC_WARN_UNINITIALIZED_AUTOS = YES_AGGRESSIVE;
				GCC_WARN_UNUSED_FUNCTION = YES;
				GCC_WARN_UNUSED_VARIABLE = YES;
				IPHONEOS_DEPLOYMENT_TARGET = 14.5;
				MTL_ENABLE_DEBUG_INFO = NO;
				MTL_FAST_MATH = YES;
				SDKROOT = iphoneos;
				SWIFT_COMPILATION_MODE = wholemodule;
				SWIFT_OPTIMIZATION_LEVEL = "-O";
				VALIDATE_PRODUCT = YES;
			};
			name = Release;
		};
		95B924E5267CDA4F00D8F44C /* Debug */ = {
			isa = XCBuildConfiguration;
			baseConfigurationReference = F630602753B6DB9F15388BD8 /* Pods-GsSwiftSample.debug.xcconfig */;
			buildSettings = {
				ASSETCATALOG_COMPILER_APPICON_NAME = AppIcon;
				ASSETCATALOG_COMPILER_GLOBAL_ACCENT_COLOR_NAME = AccentColor;
				CODE_SIGN_STYLE = Automatic;
				DEVELOPMENT_TEAM = 7RFPAQ2NAA;
				INFOPLIST_FILE = GsSwiftSample/Info.plist;
				LD_RUNPATH_SEARCH_PATHS = (
					"$(inherited)",
					"@executable_path/Frameworks",
				);
				PRODUCT_BUNDLE_IDENTIFIER = com.shino.GsSwiftSample;
				PRODUCT_NAME = "$(TARGET_NAME)";
				SWIFT_VERSION = 5.0;
				TARGETED_DEVICE_FAMILY = "1,2";
			};
			name = Debug;
		};
		95B924E6267CDA4F00D8F44C /* Release */ = {
			isa = XCBuildConfiguration;
			baseConfigurationReference = DE2E35D6A86059F22FFDE9B5 /* Pods-GsSwiftSample.release.xcconfig */;
			buildSettings = {
				ASSETCATALOG_COMPILER_APPICON_NAME = AppIcon;
				ASSETCATALOG_COMPILER_GLOBAL_ACCENT_COLOR_NAME = AccentColor;
				CODE_SIGN_STYLE = Automatic;
				DEVELOPMENT_TEAM = 7RFPAQ2NAA;
				INFOPLIST_FILE = GsSwiftSample/Info.plist;
				LD_RUNPATH_SEARCH_PATHS = (
					"$(inherited)",
					"@executable_path/Frameworks",
				);
				PRODUCT_BUNDLE_IDENTIFIER = com.shino.GsSwiftSample;
				PRODUCT_NAME = "$(TARGET_NAME)";
				SWIFT_VERSION = 5.0;
				TARGETED_DEVICE_FAMILY = "1,2";
			};
			name = Release;
		};
/* End XCBuildConfiguration section */

/* Begin XCConfigurationList section */
		95B924CB267CDA4D00D8F44C /* Build configuration list for PBXProject "GsSwiftSample" */ = {
			isa = XCConfigurationList;
			buildConfigurations = (
				95B924E2267CDA4F00D8F44C /* Debug */,
				95B924E3267CDA4F00D8F44C /* Release */,
			);
			defaultConfigurationIsVisible = 0;
			defaultConfigurationName = Release;
		};
		95B924E4267CDA4F00D8F44C /* Build configuration list for PBXNativeTarget "GsSwiftSample" */ = {
			isa = XCConfigurationList;
			buildConfigurations = (
				95B924E5267CDA4F00D8F44C /* Debug */,
				95B924E6267CDA4F00D8F44C /* Release */,
			);
			defaultConfigurationIsVisible = 0;
			defaultConfigurationName = Release;
		};
/* End XCConfigurationList section */
	};
	rootObject = 95B924C8267CDA4D00D8F44C /* Project object */;
}
